{
  "name": "quick-copy",
  "version": "0.1.0",
  "lockfileVersion": 3,
  "requires": true,
  "packages": {
    "": {
      "name": "quick-copy",
      "version": "0.1.0",
      "license": "ISC",
      "dependencies": {
        "emojibase-data": "^15.3.2"
      }
    },
    "node_modules/emojibase": {
      "version": "15.3.1",
      "resolved": "https://registry.npmjs.org/emojibase/-/emojibase-15.3.1.tgz",
      "integrity": "sha512-GNsjHnG2J3Ktg684Fs/vZR/6XpOSkZPMAv85EHrr6br2RN2cJNwdS4am/3YSK3y+/gOv2kmoK3GGdahXdMxg2g==",
      "license": "MIT",
      "peer": true,
      "funding": {
        "type": "ko-fi",
        "url": "https://ko-fi.com/milesjohnson"
      }
    },
    "node_modules/emojibase-data": {
      "version": "15.3.2",
      "resolved": "https://registry.npmjs.org/emojibase-data/-/emojibase-data-15.3.2.tgz",
      "integrity": "sha512-TpDyTDDTdqWIJixV5sTA6OQ0P0JfIIeK2tFRR3q56G9LK65ylAZ7z3KyBXokpvTTJ+mLUXQXbLNyVkjvnTLE+A==",
      "license": "MIT",
      "funding": {
        "type": "ko-fi",
        "url": "https://ko-fi.com/milesjohnson"
      },
      "peerDependencies": {
        "emojibase": "*"
      }
    }
  }
}
